{
  "name": "main-ser",
  "version": "1.0.0",
  "lockfileVersion": 1,
  "requires": true,
  "dependencies": {
    "nodejs-nodemailer-outlook": {
      "version": "1.2.4",
      "resolved": "https://registry.npmjs.org/nodejs-nodemailer-outlook/-/nodejs-nodemailer-outlook-1.2.4.tgz",
      "integrity": "sha512-+AGxGRsMAwsXJNfm46/ELfNaj5tuMeoHV/3dR4C9TyAh54eYz2ZNNMHCICm7B3eTFdVtIHqIUsYNYg1Bju6J6A==",
      "requires": {
        "nodemailer": "^6.4.16"
      }
    },
    "nodemailer": {
      "version": "6.7.8",
      "resolved": "https://registry.npmjs.org/nodemailer/-/nodemailer-6.7.8.tgz",
      "integrity": "sha512-2zaTFGqZixVmTxpJRCFC+Vk5eGRd/fYtvIR+dl5u9QXLTQWGIf48x/JXvo58g9sa0bU6To04XUv554Paykum3g=="
    }
  }
}
